{
  "allow_builds": false,
  "allow_prereleases": false,
  "allow_wheels": true,
  "build_isolation": true,
  "constraints": [],
  "locked_resolves": [
    {
      "locked_requirements": [
        {
          "artifacts": [
            {
              "algorithm": "sha256",
              "hash": "b454a35605876da60632df1a60f736524eb73cc47bbc9f3f1ef1b644de74fd2a",
              "url": "https://files.pythonhosted.org/packages/bb/26/7945080113158354380a12ce26873dd6c1ebd88d47f5bc24e2c5bb38c16a/setuptools-68.2.2-py3-none-any.whl"
            }
          ],
          "project_name": "setuptools",
          "requires_dists": [
            "build[virtualenv]; extra == \"testing\"",
            "build[virtualenv]>=1.0.3; extra == \"testing-integration\"",
            "filelock>=3.4.0; extra == \"testing\"",
            "filelock>=3.4.0; extra == \"testing-integration\"",
            "flake8-2020; extra == \"testing\"",
            "furo; extra == \"docs\"",
            "ini2toml[lite]>=0.9; extra == \"testing\"",
            "jaraco.develop>=7.21; (python_version >= \"3.9\" and sys_platform != \"cygwin\") and extra == \"testing\"",
            "jaraco.envs>=2.2; extra == \"testing\"",
            "jaraco.envs>=2.2; extra == \"testing-integration\"",
            "jaraco.packaging>=9.3; extra == \"docs\"",
            "jaraco.path>=3.2.0; extra == \"testing\"",
            "jaraco.path>=3.2.0; extra == \"testing-integration\"",
            "jaraco.tidelift>=1.4; extra == \"docs\"",
            "packaging>=23.1; extra == \"testing-integration\"",
            "pip>=19.1; extra == \"testing\"",
            "pygments-github-lexers==0.0.5; extra == \"docs\"",
            "pytest-black>=0.3.7; platform_python_implementation != \"PyPy\" and extra == \"testing\"",
            "pytest-checkdocs>=2.4; extra == \"testing\"",
            "pytest-cov; platform_python_implementation != \"PyPy\" and extra == \"testing\"",
            "pytest-enabler; extra == \"testing-integration\"",
            "pytest-enabler>=2.2; extra == \"testing\"",
            "pytest-mypy>=0.9.1; platform_python_implementation != \"PyPy\" and extra == \"testing\"",
            "pytest-perf; sys_platform != \"cygwin\" and extra == \"testing\"",
            "pytest-ruff; sys_platform != \"cygwin\" and extra == \"testing\"",
            "pytest-timeout; extra == \"testing\"",
            "pytest-xdist; extra == \"testing\"",
            "pytest-xdist; extra == \"testing-integration\"",
            "pytest; extra == \"testing-integration\"",
            "pytest>=6; extra == \"testing\"",
            "rst.linker>=1.9; extra == \"docs\"",
            "sphinx-favicon; extra == \"docs\"",
            "sphinx-hoverxref<2; extra == \"docs\"",
            "sphinx-inline-tabs; extra == \"docs\"",
            "sphinx-lint; extra == \"docs\"",
            "sphinx-notfound-page<2,>=1; extra == \"docs\"",
            "sphinx-reredirects; extra == \"docs\"",
            "sphinx>=3.5; extra == \"docs\"",
            "sphinxcontrib-towncrier; extra == \"docs\"",
            "tomli-w>=1.0.0; extra == \"testing\"",
            "tomli; extra == \"testing-integration\"",
            "virtualenv>=13.0.0; extra == \"testing\"",
            "virtualenv>=13.0.0; extra == \"testing-integration\"",
            "wheel; extra == \"testing\"",
            "wheel; extra == \"testing-integration\""
          ],
          "requires_python": ">=3.8",
          "version": "68.2.2"
        },
        {
          "artifacts": [
            {
              "algorithm": "sha256",
              "hash": "488609bc63a29322326e05560731bf7bfea8e48ad646e1f5e40d366607de0942",
              "url": "https://files.pythonhosted.org/packages/fa/7f/4c07234086edbce4a0a446209dc0cb08a19bb206a3ea53b2f56a403f983b/wheel-0.41.3-py3-none-any.whl"
            }
          ],
          "project_name": "wheel",
          "requires_dists": [
            "pytest>=6.0.0; extra == \"test\"",
            "setuptools>=65; extra == \"test\""
          ],
          "requires_python": ">=3.7",
          "version": "0.41.3"
        }
      ],
      "platform_tag": [
        "cp311",
        "cp311",
        "linux_x86_64"
      ]
    }
  ],
  "path_mappings": {},
  "pex_version": "2.1.150",
  "pip_version": "23.2",
  "prefer_older_binary": false,
  "requirements": [
    "setuptools",
    "wheel"
  ],
  "requires_python": [],
  "resolver_version": "pip-2020-resolver",
  "style": "strict",
  "target_systems": [],
  "transitive": true,
  "use_pep517": null
}
